
Microsoft Visual Studio Solution File, Format Version 12.00
# Visual Studio Version 16
VisualStudioVersion = 16.0.31702.278
MinimumVisualStudioVersion = 10.0.40219.1
Project("{FAE04EC0-301F-11D3-BF4B-00C04F79EFBC}") = "Coffix", "Coffix.csproj", "{E9AF4583-507C-433F-9342-F15FA257655A}"
EndProject
Global
	GlobalSection(SolutionConfigurationPlatforms) = preSolution
		Debug|Any CPU = Debug|Any CPU
		Release|Any CPU = Release|Any CPU
	EndGlobalSection
	GlobalSection(ProjectConfigurationPlatforms) = postSolution
		{E9AF4583-507C-433F-9342-F15FA257655A}.Debug|Any CPU.ActiveCfg = Debug|Any CPU
		{E9AF4583-507C-433F-9342-F15FA257655A}.Debug|Any CPU.Build.0 = Debug|Any CPU
		{E9AF4583-507C-433F-9342-F15FA257655A}.Release|Any CPU.ActiveCfg = Release|Any CPU
		{E9AF4583-507C-433F-9342-F15FA257655A}.Release|Any CPU.Build.0 = Release|Any CPU
	EndGlobalSection
	GlobalSection(SolutionProperties) = preSolution
		HideSolutionNode = FALSE
	EndGlobalSection
	GlobalSection(ExtensibilityGlobals) = postSolution
		SolutionGuid = {74BC4F49-EA01-4209-82DE-1B7049858C1B}
	EndGlobalSection
EndGlobal
